
Microsoft Visual Studio Solution File, Format Version 12.00
# Visual Studio Version 16
VisualStudioVersion = 16.0.30011.22
MinimumVisualStudioVersion = 10.0.40219.1
Project("{FAE04EC0-301F-11D3-BF4B-00C04F79EFBC}") = "Web-Hoa", "Web-Hoa.csproj", "{50E833E0-CE0D-44ED-A0CE-68F86CE741E3}"
EndProject
Global
	GlobalSection(SolutionConfigurationPlatforms) = preSolution
		Debug|Any CPU = Debug|Any CPU
		Release|Any CPU = Release|Any CPU
	EndGlobalSection
	GlobalSection(ProjectConfigurationPlatforms) = postSolution
		{50E833E0-CE0D-44ED-A0CE-68F86CE741E3}.Debug|Any CPU.ActiveCfg = Debug|Any CPU
		{50E833E0-CE0D-44ED-A0CE-68F86CE741E3}.Debug|Any CPU.Build.0 = Debug|Any CPU
		{50E833E0-CE0D-44ED-A0CE-68F86CE741E3}.Release|Any CPU.ActiveCfg = Release|Any CPU
		{50E833E0-CE0D-44ED-A0CE-68F86CE741E3}.Release|Any CPU.Build.0 = Release|Any CPU
	EndGlobalSection
	GlobalSection(SolutionProperties) = preSolution
		HideSolutionNode = FALSE
	EndGlobalSection
	GlobalSection(ExtensibilityGlobals) = postSolution
		SolutionGuid = {D95D7625-F616-4B89-9E8A-90E6599EDC53}
	EndGlobalSection
EndGlobal
